version: 6
environments:
  default:
    channels:
    - url: https://conda.anaconda.org/conda-forge/
    packages:
      osx-64:
      - conda: https://conda.anaconda.org/conda-forge/osx-64/_go_select-2.3.0-cgo.tar.bz2
      - conda: https://conda.anaconda.org/conda-forge/osx-64/go-1.23.0-he277650_1.conda
      - conda: https://conda.anaconda.org/conda-forge/osx-64/libcxx-20.1.5-hf95d169_0.conda
      - conda: https://conda.anaconda.org/conda-forge/osx-64/libgfortran-14.2.0-hef36b68_105.conda
      - conda: https://conda.anaconda.org/conda-forge/osx-64/libgfortran5-14.2.0-h58528f3_105.conda
      - conda: https://conda.anaconda.org/conda-forge/osx-64/llvm-openmp-20.1.4-ha54dae1_0.conda
      osx-arm64:
      - conda: https://conda.anaconda.org/conda-forge/osx-arm64/_go_select-2.3.0-cgo.tar.bz2
      - conda: https://conda.anaconda.org/conda-forge/osx-arm64/go-1.23.0-h0037d84_1.conda
      - conda: https://conda.anaconda.org/conda-forge/osx-arm64/libcxx-20.1.5-ha82da77_0.conda
      - conda: https://conda.anaconda.org/conda-forge/osx-arm64/libgfortran-14.2.0-heb5dd2a_105.conda
      - conda: https://conda.anaconda.org/conda-forge/osx-arm64/libgfortran5-14.2.0-h2c44a93_105.conda
      - conda: https://conda.anaconda.org/conda-forge/osx-arm64/llvm-openmp-20.1.4-hdb05f8b_0.conda
packages:
- conda: https://conda.anaconda.org/conda-forge/osx-64/_go_select-2.3.0-cgo.tar.bz2
  sha256: faf9b29f369ccf41da3998b00945e56daa331d01a8ffe7832e45651db0716028
  md5: 4c1913031a736507963a5fb938cefe85
  license: BSD-3-Clause
  license_family: BSD
  size: 4770
  timestamp: 1586504733574
- conda: https://conda.anaconda.org/conda-forge/osx-arm64/_go_select-2.3.0-cgo.tar.bz2
  sha256: 5cd5dd9817d0d671ad3e2f85c967b4dcd1a297a686b7d5820e625e2f4f962558
  md5: 79a39651abfce773c2948175d9b62986
  license: BSD-3-Clause
  license_family: BSD
  size: 5074
  timestamp: 1627073534014
- conda: https://conda.anaconda.org/conda-forge/osx-64/go-1.23.0-he277650_1.conda
  sha256: d691396030678079b62a93d13b8900b61e28973e2ebad54cdac0cc38028c7f6b
  md5: c23712aefe75d219550f8b7bac278344
  depends:
  - __osx >=10.14
  - _go_select ==2.3.0 cgo
  - libcxx >=17
  - libgfortran >=5
  - libgfortran5 >=13.2.0
  constrains:
  - gfortran_osx-64 13.*
  - clangxx_osx-64 17.*
  - clang_osx-64 17.*
  license: BSD-3-Clause
  license_family: BSD
  size: 59805145
  timestamp: 1724353484691
- conda: https://conda.anaconda.org/conda-forge/osx-arm64/go-1.23.0-h0037d84_1.conda
  sha256: e76f022cd47274a5e74839866f3c2676fc16f7011df51c0d06df2d2e7a0415f6
  md5: 5fae98e03f177dec5e9a41d9edbc3903
  depends:
  - __osx >=11.0
  - _go_select ==2.3.0 cgo
  - libcxx >=17
  - libgfortran >=5
  - libgfortran5 >=13.2.0
  constrains:
  - gfortran_osx-arm64 13.*
  - clangxx_osx-arm64 17.*
  - clang_osx-arm64 17.*
  license: BSD-3-Clause
  license_family: BSD
  size: 92722094
  timestamp: 1724353401354
- conda: https://conda.anaconda.org/conda-forge/osx-64/libcxx-20.1.5-hf95d169_0.conda
  sha256: 9003bd12988a54713602999999737590f3b023b0cadb2b316cd3ac256d6740d6
  md5: 9dde68cee0a231b19e189954ac29027b
  depends:
  - __osx >=10.13
  license: Apache-2.0 WITH LLVM-exception
  license_family: Apache
  size: 562408
  timestamp: 1747262455533
- conda: https://conda.anaconda.org/conda-forge/osx-arm64/libcxx-20.1.5-ha82da77_0.conda
  sha256: 2765b6e23da91807ce2ed44587fbaadd5ba933b0269810b3c22462f9582aedd3
  md5: 4ef1bdb94d42055f511bb358f2048c58
  depends:
  - __osx >=11.0
  license: Apache-2.0 WITH LLVM-exception
  license_family: Apache
  size: 568010
  timestamp: 1747262879889
- conda: https://conda.anaconda.org/conda-forge/osx-64/libgfortran-14.2.0-hef36b68_105.conda
  sha256: 984040aa98dedcfbe1cf59befd73740e30d368b96cbfa17c002297e67fa5af23
  md5: 6b27baf030f5d6603713c7e72d3f6b9a
  depends:
  - libgfortran5 14.2.0 h58528f3_105
  license: GPL-3.0-only WITH GCC-exception-3.1
  license_family: GPL
  size: 155635
  timestamp: 1743911593527
- conda: https://conda.anaconda.org/conda-forge/osx-arm64/libgfortran-14.2.0-heb5dd2a_105.conda
  sha256: 6ca48762c330d1cdbdaa450f197ccc16ffb7181af50d112b4ccf390223d916a1
  md5: ad35937216e65cfeecd828979ee5e9e6
  depends:
  - libgfortran5 14.2.0 h2c44a93_105
  license: GPL-3.0-only WITH GCC-exception-3.1
  license_family: GPL
  size: 155474
  timestamp: 1743913530958
- conda: https://conda.anaconda.org/conda-forge/osx-64/libgfortran5-14.2.0-h58528f3_105.conda
  sha256: 02fc48106e1ca65cf7de15f58ec567f866f6e8e9dcced157d0cff89f0768bb59
  md5: 94560312ff3c78225bed62ab59854c31
  depends:
  - llvm-openmp >=8.0.0
  constrains:
  - libgfortran 14.2.0
  license: GPL-3.0-only WITH GCC-exception-3.1
  license_family: GPL
  size: 1224385
  timestamp: 1743911552203
- conda: https://conda.anaconda.org/conda-forge/osx-arm64/libgfortran5-14.2.0-h2c44a93_105.conda
  sha256: de09987e1080f71e2285deec45ccb949c2620a672b375029534fbb878e471b22
  md5: 06f35a3b1479ec55036e1c9872f97f2c
  depends:
  - llvm-openmp >=8.0.0
  constrains:
  - libgfortran 14.2.0
  license: GPL-3.0-only WITH GCC-exception-3.1
  license_family: GPL
  size: 806283
  timestamp: 1743913488925
- conda: https://conda.anaconda.org/conda-forge/osx-64/llvm-openmp-20.1.4-ha54dae1_0.conda
  sha256: 5830f3a9109e52cb8476685e9ccd4ff207517c95ff453c47e6ed35221715b879
  md5: 985619d7704847d30346abb6feeb8351
  depends:
  - __osx >=10.13
  constrains:
  - openmp 20.1.4|20.1.4.*
  license: Apache-2.0 WITH LLVM-exception
  license_family: APACHE
  size: 306636
  timestamp: 1746134503342
- conda: https://conda.anaconda.org/conda-forge/osx-arm64/llvm-openmp-20.1.4-hdb05f8b_0.conda
  sha256: b8e8547116dba85890d7b39bfad1c86ed69a6b923caed1e449c90850d271d4d5
  md5: 00cbae3f2127efef6db76bd423a09807
  depends:
  - __osx >=11.0
  constrains:
  - openmp 20.1.4|20.1.4.*
  license: Apache-2.0 WITH LLVM-exception
  license_family: APACHE
  size: 282599
  timestamp: 1746134861758
